// !$*UTF8*$!
{
	archiveVersion = 1;
	classes = {
	};
	objectVersion = 46;
	objects = {

/* Begin PBXBuildFile section */
		917043351C439F4C0028747B /* RCTTalkingData.h in CopyFiles */ = {isa = PBXBuildFile; fileRef = 917043341C439F4C0028747B /* RCTTalkingData.h */; };
		917043371C439F4C0028747B /* RCTTalkingData.m in Sources */ = {isa = PBXBuildFile; fileRef = 917043361C439F4C0028747B /* RCTTalkingData.m */; };
		9170436B1C439FC20028747B /* libTalkingData.a in Frameworks */ = {isa = PBXBuildFile; fileRef = 917043681C439FC20028747B /* libTalkingData.a */; };
/* End PBXBuildFile section */

/* Begin PBXCopyFilesBuildPhase section */
		9170432F1C439F4C0028747B /* CopyFiles */ = {
			isa = PBXCopyFilesBuildPhase;
			buildActionMask = 2147483647;
			dstPath = "include/$(PRODUCT_NAME)";
			dstSubfolderSpec = 16;
			files = (
				917043351C439F4C0028747B /* RCTTalkingData.h in CopyFiles */,
			);
			runOnlyForDeploymentPostprocessing = 0;
		};
/* End PBXCopyFilesBuildPhase section */

/* Begin PBXFileReference section */
		917043311C439F4C0028747B /* libRCTTalkingData.a */ = {isa = PBXFileReference; explicitFileType = archive.ar; includeInIndex = 0; path = libRCTTalkingData.a; sourceTree = BUILT_PRODUCTS_DIR; };
		917043341C439F4C0028747B /* RCTTalkingData.h */ = {isa = PBXFileReference; lastKnownFileType = sourcecode.c.h; path = RCTTalkingData.h; sourceTree = "<group>"; };
		917043361C439F4C0028747B /* RCTTalkingData.m */ = {isa = PBXFileReference; lastKnownFileType = sourcecode.c.objc; path = RCTTalkingData.m; sourceTree = "<group>"; };
		917043681C439FC20028747B /* libTalkingData.a */ = {isa = PBXFileReference; lastKnownFileType = archive.ar; path = libTalkingData.a; sourceTree = "<group>"; };
		917043691C439FC20028747B /* TalkingData.h */ = {isa = PBXFileReference; fileEncoding = 4; lastKnownFileType = sourcecode.c.h; path = TalkingData.h; sourceTree = "<group>"; };
		9170436A1C439FC20028747B /* TalkingDataSMS.h */ = {isa = PBXFileReference; fileEncoding = 4; lastKnownFileType = sourcecode.c.h; path = TalkingDataSMS.h; sourceTree = "<group>"; };
/* End PBXFileReference section */

/* Begin PBXFrameworksBuildPhase section */
		9170432E1C439F4C0028747B /* Frameworks */ = {
			isa = PBXFrameworksBuildPhase;
			buildActionMask = 2147483647;
			files = (
				9170436B1C439FC20028747B /* libTalkingData.a in Frameworks */,
			);
			runOnlyForDeploymentPostprocessing = 0;
		};
/* End PBXFrameworksBuildPhase section */

/* Begin PBXGroup section */
		917043281C439F4C0028747B = {
			isa = PBXGroup;
			children = (
				917043671C439FC20028747B /* TalkingDataSDK */,
				917043331C439F4C0028747B /* RCTTalkingData */,
				917043321C439F4C0028747B /* Products */,
			);
			sourceTree = "<group>";
		};
		917043321C439F4C0028747B /* Products */ = {
			isa = PBXGroup;
			children = (
				917043311C439F4C0028747B /* libRCTTalkingData.a */,
			);
			name = Products;
			sourceTree = "<group>";
		};
		917043331C439F4C0028747B /* RCTTalkingData */ = {
			isa = PBXGroup;
			children = (
				917043341C439F4C0028747B /* RCTTalkingData.h */,
				917043361C439F4C0028747B /* RCTTalkingData.m */,
			);
			path = RCTTalkingData;
			sourceTree = "<group>";
		};
		917043671C439FC20028747B /* TalkingDataSDK */ = {
			isa = PBXGroup;
			children = (
				917043681C439FC20028747B /* libTalkingData.a */,
				917043691C439FC20028747B /* TalkingData.h */,
				9170436A1C439FC20028747B /* TalkingDataSMS.h */,
			);
			path = TalkingDataSDK;
			sourceTree = "<group>";
		};
/* End PBXGroup section */

/* Begin PBXNativeTarget section */
		917043301C439F4C0028747B /* RCTTalkingData */ = {
			isa = PBXNativeTarget;
			buildConfigurationList = 9170433A1C439F4C0028747B /* Build configuration list for PBXNativeTarget "RCTTalkingData" */;
			buildPhases = (
				9170432D1C439F4C0028747B /* Sources */,
				9170432E1C439F4C0028747B /* Frameworks */,
				9170432F1C439F4C0028747B /* CopyFiles */,
			);
			buildRules = (
			);
			dependencies = (
			);
			name = RCTTalkingData;
			productName = RCTTalkingData;
			productReference = 917043311C439F4C0028747B /* libRCTTalkingData.a */;
			productType = "com.apple.product-type.library.static";
		};
/* End PBXNativeTarget section */

/* Begin PBXProject section */
		917043291C439F4C0028747B /* Project object */ = {
			isa = PBXProject;
			attributes = {
				LastUpgradeCheck = 0720;
				ORGANIZATIONNAME = erica;
				TargetAttributes = {
					917043301C439F4C0028747B = {
						CreatedOnToolsVersion = 7.2;
					};
				};
			};
			buildConfigurationList = 9170432C1C439F4C0028747B /* Build configuration list for PBXProject "RCTTalkingData" */;
			compatibilityVersion = "Xcode 3.2";
			developmentRegion = English;
			hasScannedForEncodings = 0;
			knownRegions = (
				en,
			);
			mainGroup = 917043281C439F4C0028747B;
			productRefGroup = 917043321C439F4C0028747B /* Products */;
			projectDirPath = "";
			projectRoot = "";
			targets = (
				917043301C439F4C0028747B /* RCTTalkingData */,
			);
		};
/* End PBXProject section */

/* Begin PBXSourcesBuildPhase section */
		9170432D1C439F4C0028747B /* Sources */ = {
			isa = PBXSourcesBuildPhase;
			buildActionMask = 2147483647;
			files = (
				917043371C439F4C0028747B /* RCTTalkingData.m in Sources */,
			);
			runOnlyForDeploymentPostprocessing = 0;
		};
/* End PBXSourcesBuildPhase section */

/* Begin XCBuildConfiguration section */
		917043381C439F4C0028747B /* Debug */ = {
			isa = XCBuildConfiguration;
			buildSettings = {
				ALWAYS_SEARCH_USER_PATHS = NO;
				CLANG_CXX_LANGUAGE_STANDARD = "gnu++0x";
				CLANG_CXX_LIBRARY = "libc++";
				CLANG_ENABLE_MODULES = YES;
				CLANG_ENABLE_OBJC_ARC = YES;
				CLANG_WARN_BOOL_CONVERSION = YES;
				CLANG_WARN_CONSTANT_CONVERSION = YES;
				CLANG_WARN_DIRECT_OBJC_ISA_USAGE = YES_ERROR;
				CLANG_WARN_EMPTY_BODY = YES;
				CLANG_WARN_ENUM_CONVERSION = YES;
				CLANG_WARN_INT_CONVERSION = YES;
				CLANG_WARN_OBJC_ROOT_CLASS = YES_ERROR;
				CLANG_WARN_UNREACHABLE_CODE = YES;
				CLANG_WARN__DUPLICATE_METHOD_MATCH = YES;
				"CODE_SIGN_IDENTITY[sdk=iphoneos*]" = "iPhone Developer";
				COPY_PHASE_STRIP = NO;
				DEBUG_INFORMATION_FORMAT = dwarf;
				ENABLE_STRICT_OBJC_MSGSEND = YES;
				ENABLE_TESTABILITY = YES;
				GCC_C_LANGUAGE_STANDARD = gnu99;
				GCC_DYNAMIC_NO_PIC = NO;
				GCC_NO_COMMON_BLOCKS = YES;
				GCC_OPTIMIZATION_LEVEL = 0;
				GCC_PREPROCESSOR_DEFINITIONS = (
					"DEBUG=1",
					"$(inherited)",
				);
				GCC_WARN_64_TO_32_BIT_CONVERSION = YES;
				GCC_WARN_ABOUT_RETURN_TYPE = YES_ERROR;
				GCC_WARN_UNDECLARED_SELECTOR = YES;
				GCC_WARN_UNINITIALIZED_AUTOS = YES_AGGRESSIVE;
				GCC_WARN_UNUSED_FUNCTION = YES;
				GCC_WARN_UNUSED_VARIABLE = YES;
				IPHONEOS_DEPLOYMENT_TARGET = 7.0;
				MTL_ENABLE_DEBUG_INFO = YES;
				ONLY_ACTIVE_ARCH = YES;
				SDKROOT = iphoneos;
			};
			name = Debug;
		};
		917043391C439F4C0028747B /* Release */ = {
			isa = XCBuildConfiguration;
			buildSettings = {
				ALWAYS_SEARCH_USER_PATHS = NO;
				CLANG_CXX_LANGUAGE_STANDARD = "gnu++0x";
				CLANG_CXX_LIBRARY = "libc++";
				CLANG_ENABLE_MODULES = YES;
				CLANG_ENABLE_OBJC_ARC = YES;
				CLANG_WARN_BOOL_CONVERSION = YES;
				CLANG_WARN_CONSTANT_CONVERSION = YES;
				CLANG_WARN_DIRECT_OBJC_ISA_USAGE = YES_ERROR;
				CLANG_WARN_EMPTY_BODY = YES;
				CLANG_WARN_ENUM_CONVERSION = YES;
				CLANG_WARN_INT_CONVERSION = YES;
				CLANG_WARN_OBJC_ROOT_CLASS = YES_ERROR;
				CLANG_WARN_UNREACHABLE_CODE = YES;
				CLANG_WARN__DUPLICATE_METHOD_MATCH = YES;
				"CODE_SIGN_IDENTITY[sdk=iphoneos*]" = "iPhone Developer";
				COPY_PHASE_STRIP = NO;
				DEBUG_INFORMATION_FORMAT = "dwarf-with-dsym";
				ENABLE_NS_ASSERTIONS = NO;
				ENABLE_STRICT_OBJC_MSGSEND = YES;
				GCC_C_LANGUAGE_STANDARD = gnu99;
				GCC_NO_COMMON_BLOCKS = YES;
				GCC_WARN_64_TO_32_BIT_CONVERSION = YES;
				GCC_WARN_ABOUT_RETURN_TYPE = YES_ERROR;
				GCC_WARN_UNDECLARED_SELECTOR = YES;
				GCC_WARN_UNINITIALIZED_AUTOS = YES_AGGRESSIVE;
				GCC_WARN_UNUSED_FUNCTION = YES;
				GCC_WARN_UNUSED_VARIABLE = YES;
				IPHONEOS_DEPLOYMENT_TARGET = 7.0;
				MTL_ENABLE_DEBUG_INFO = NO;
				SDKROOT = iphoneos;
				VALIDATE_PRODUCT = YES;
			};
			name = Release;
		};
		9170433B1C439F4C0028747B /* Debug */ = {
			isa = XCBuildConfiguration;
			buildSettings = {
				HEADER_SEARCH_PATHS = "$(SRCROOT)/../../react-native/React/**";
				LIBRARY_SEARCH_PATHS = (
					"$(inherited)",
					"$(PROJECT_DIR)/TalkingDataSDK",
				);
				OTHER_LDFLAGS = "-ObjC";
				PRODUCT_NAME = "$(TARGET_NAME)";
				SKIP_INSTALL = YES;
			};
			name = Debug;
		};
		9170433C1C439F4C0028747B /* Release */ = {
			isa = XCBuildConfiguration;
			buildSettings = {
				HEADER_SEARCH_PATHS = "$(SRCROOT)/../../react-native/React/**";
				LIBRARY_SEARCH_PATHS = (
					"$(inherited)",
					"$(PROJECT_DIR)/TalkingDataSDK",
				);
				OTHER_LDFLAGS = "-ObjC";
				PRODUCT_NAME = "$(TARGET_NAME)";
				SKIP_INSTALL = YES;
			};
			name = Release;
		};
/* End XCBuildConfiguration section */

/* Begin XCConfigurationList section */
		9170432C1C439F4C0028747B /* Build configuration list for PBXProject "RCTTalkingData" */ = {
			isa = XCConfigurationList;
			buildConfigurations = (
				917043381C439F4C0028747B /* Debug */,
				917043391C439F4C0028747B /* Release */,
			);
			defaultConfigurationIsVisible = 0;
			defaultConfigurationName = Release;
		};
		9170433A1C439F4C0028747B /* Build configuration list for PBXNativeTarget "RCTTalkingData" */ = {
			isa = XCConfigurationList;
			buildConfigurations = (
				9170433B1C439F4C0028747B /* Debug */,
				9170433C1C439F4C0028747B /* Release */,
			);
			defaultConfigurationIsVisible = 0;
			defaultConfigurationName = Release;
		};
/* End XCConfigurationList section */
	};
	rootObject = 917043291C439F4C0028747B /* Project object */;
}
